
Microsoft Visual Studio Solution File, Format Version 11.00
# Visual Studio 2010
Project("{FAE04EC0-301F-11D3-BF4B-00C04F79EFBC}") = "Assembly-CSharp", "Assembly-CSharp.csproj", "{008c86ed-d244-d77a-0da8-0e9c1ecc92b1}"
EndProject
Project("{FAE04EC0-301F-11D3-BF4B-00C04F79EFBC}") = "Assembly-CSharp-firstpass", "Assembly-CSharp-firstpass.csproj", "{5e88d814-7c84-ea7e-8f3f-290087e2f9be}"
EndProject
Project("{FAE04EC0-301F-11D3-BF4B-00C04F79EFBC}") = "Assembly-CSharp-Editor-firstpass", "Assembly-CSharp-Editor-firstpass.csproj", "{e5ec43a2-f6b1-2d13-eab1-ce00ace13e3c}"
EndProject
Project("{FAE04EC0-301F-11D3-BF4B-00C04F79EFBC}") = "Assembly-CSharp-Editor", "Assembly-CSharp-Editor.csproj", "{3fcae37d-e168-ee43-469e-468b0e996288}"
EndProject
Global
	GlobalSection(SolutionConfigurationPlatforms) = preSolution
		Debug|Any CPU = Debug|Any CPU
	EndGlobalSection
	GlobalSection(ProjectConfigurationPlatforms) = postSolution
		{008c86ed-d244-d77a-0da8-0e9c1ecc92b1}.Debug|Any CPU.ActiveCfg = Debug|Any CPU
		{008c86ed-d244-d77a-0da8-0e9c1ecc92b1}.Debug|Any CPU.Build.0 = Debug|Any CPU
		{5e88d814-7c84-ea7e-8f3f-290087e2f9be}.Debug|Any CPU.ActiveCfg = Debug|Any CPU
		{5e88d814-7c84-ea7e-8f3f-290087e2f9be}.Debug|Any CPU.Build.0 = Debug|Any CPU
		{e5ec43a2-f6b1-2d13-eab1-ce00ace13e3c}.Debug|Any CPU.ActiveCfg = Debug|Any CPU
		{e5ec43a2-f6b1-2d13-eab1-ce00ace13e3c}.Debug|Any CPU.Build.0 = Debug|Any CPU
		{3fcae37d-e168-ee43-469e-468b0e996288}.Debug|Any CPU.ActiveCfg = Debug|Any CPU
		{3fcae37d-e168-ee43-469e-468b0e996288}.Debug|Any CPU.Build.0 = Debug|Any CPU
	EndGlobalSection
	GlobalSection(SolutionProperties) = preSolution
		HideSolutionNode = FALSE
	EndGlobalSection
EndGlobal
